
Microsoft Visual Studio Solution File, Format Version 12.00
# Visual Studio Version 17
VisualStudioVersion = 17.11.35312.102
MinimumVisualStudioVersion = 10.0.40219.1
Project("{FAE04EC0-301F-11D3-BF4B-00C04F79EFBC}") = "Calculator", "Calculator\Calculator.csproj", "{8E5DB481-4DAE-4979-842E-BB3F553886A5}"
EndProject
Global
	GlobalSection(SolutionConfigurationPlatforms) = preSolution
		Debug|Any CPU = Debug|Any CPU
		Release|Any CPU = Release|Any CPU
	EndGlobalSection
	GlobalSection(ProjectConfigurationPlatforms) = postSolution
		{8E5DB481-4DAE-4979-842E-BB3F553886A5}.Debug|Any CPU.ActiveCfg = Debug|Any CPU
		{8E5DB481-4DAE-4979-842E-BB3F553886A5}.Debug|Any CPU.Build.0 = Debug|Any CPU
		{8E5DB481-4DAE-4979-842E-BB3F553886A5}.Release|Any CPU.ActiveCfg = Release|Any CPU
		{8E5DB481-4DAE-4979-842E-BB3F553886A5}.Release|Any CPU.Build.0 = Release|Any CPU
	EndGlobalSection
	GlobalSection(SolutionProperties) = preSolution
		HideSolutionNode = FALSE
	EndGlobalSection
	GlobalSection(ExtensibilityGlobals) = postSolution
		SolutionGuid = {309C3904-82C7-4561-8DE5-965C1CD6D909}
	EndGlobalSection
EndGlobal
